
Microsoft Visual Studio Solution File, Format Version 12.00
# Visual Studio Version 17
VisualStudioVersion = 17.10.35004.147
MinimumVisualStudioVersion = 10.0.40219.1
Project("{FAE04EC0-301F-11D3-BF4B-00C04F79EFBC}") = "ASP-NET-TS-React-App.Server", "ASP-NET-TS-React-App.Server\ASP-NET-TS-React-App.Server.csproj", "{17DC5B0D-03E8-45F8-BAC2-056D2265FF46}"
EndProject
Project("{54A90642-561A-4BB1-A94E-469ADEE60C69}") = "asp-net-ts-react-app.client", "asp-net-ts-react-app.client\asp-net-ts-react-app.client.esproj", "{DA31075A-0100-4D51-A601-C5E197C07CDD}"
EndProject
Global
	GlobalSection(SolutionConfigurationPlatforms) = preSolution
		Debug|Any CPU = Debug|Any CPU
		Release|Any CPU = Release|Any CPU
	EndGlobalSection
	GlobalSection(ProjectConfigurationPlatforms) = postSolution
		{17DC5B0D-03E8-45F8-BAC2-056D2265FF46}.Debug|Any CPU.ActiveCfg = Debug|Any CPU
		{17DC5B0D-03E8-45F8-BAC2-056D2265FF46}.Debug|Any CPU.Build.0 = Debug|Any CPU
		{17DC5B0D-03E8-45F8-BAC2-056D2265FF46}.Release|Any CPU.ActiveCfg = Release|Any CPU
		{17DC5B0D-03E8-45F8-BAC2-056D2265FF46}.Release|Any CPU.Build.0 = Release|Any CPU
		{DA31075A-0100-4D51-A601-C5E197C07CDD}.Debug|Any CPU.ActiveCfg = Debug|Any CPU
		{DA31075A-0100-4D51-A601-C5E197C07CDD}.Debug|Any CPU.Build.0 = Debug|Any CPU
		{DA31075A-0100-4D51-A601-C5E197C07CDD}.Debug|Any CPU.Deploy.0 = Debug|Any CPU
		{DA31075A-0100-4D51-A601-C5E197C07CDD}.Release|Any CPU.ActiveCfg = Release|Any CPU
		{DA31075A-0100-4D51-A601-C5E197C07CDD}.Release|Any CPU.Build.0 = Release|Any CPU
		{DA31075A-0100-4D51-A601-C5E197C07CDD}.Release|Any CPU.Deploy.0 = Release|Any CPU
	EndGlobalSection
	GlobalSection(SolutionProperties) = preSolution
		HideSolutionNode = FALSE
	EndGlobalSection
	GlobalSection(ExtensibilityGlobals) = postSolution
		SolutionGuid = {C5934755-AC50-4979-9B37-6714CC7D2EF5}
	EndGlobalSection
EndGlobal
